
Microsoft Visual Studio Solution File, Format Version 12.00
# Visual Studio 15
Project("{FAE04EC0-301F-11D3-BF4B-00C04F79EFBC}") = "Assembly-CSharp", "Assembly-CSharp.csproj", "{F39D7363-9AE2-981B-75C8-58843A184A5A}"
EndProject
Project("{FAE04EC0-301F-11D3-BF4B-00C04F79EFBC}") = "Assembly-CSharp-Editor", "Assembly-CSharp-Editor.csproj", "{4926BBD9-89C8-E322-2073-BA00C0373A9B}"
EndProject
Project("{FAE04EC0-301F-11D3-BF4B-00C04F79EFBC}") = "Assembly-CSharp", "Assembly-CSharp.Player.csproj", "{6C04CCF1-3C73-74D3-21DF-AAB8657AA3E6}"
EndProject
Global
	GlobalSection(SolutionConfigurationPlatforms) = preSolution
		Debug|Any CPU = Debug|Any CPU
		Release|Any CPU = Release|Any CPU
	EndGlobalSection
	GlobalSection(ProjectConfigurationPlatforms) = postSolution
		{F39D7363-9AE2-981B-75C8-58843A184A5A}.Debug|Any CPU.ActiveCfg = Debug|Any CPU
		{F39D7363-9AE2-981B-75C8-58843A184A5A}.Debug|Any CPU.Build.0 = Debug|Any CPU
		{F39D7363-9AE2-981B-75C8-58843A184A5A}.Release|Any CPU.ActiveCfg = Release|Any CPU
		{F39D7363-9AE2-981B-75C8-58843A184A5A}.Release|Any CPU.Build.0 = Release|Any CPU
		{4926BBD9-89C8-E322-2073-BA00C0373A9B}.Debug|Any CPU.ActiveCfg = Debug|Any CPU
		{4926BBD9-89C8-E322-2073-BA00C0373A9B}.Debug|Any CPU.Build.0 = Debug|Any CPU
		{4926BBD9-89C8-E322-2073-BA00C0373A9B}.Release|Any CPU.ActiveCfg = Release|Any CPU
		{4926BBD9-89C8-E322-2073-BA00C0373A9B}.Release|Any CPU.Build.0 = Release|Any CPU
		{6C04CCF1-3C73-74D3-21DF-AAB8657AA3E6}.Debug|Any CPU.ActiveCfg = Debug|Any CPU
		{6C04CCF1-3C73-74D3-21DF-AAB8657AA3E6}.Debug|Any CPU.Build.0 = Debug|Any CPU
		{6C04CCF1-3C73-74D3-21DF-AAB8657AA3E6}.Release|Any CPU.ActiveCfg = Release|Any CPU
		{6C04CCF1-3C73-74D3-21DF-AAB8657AA3E6}.Release|Any CPU.Build.0 = Release|Any CPU
	EndGlobalSection
	GlobalSection(SolutionProperties) = preSolution
		HideSolutionNode = FALSE
	EndGlobalSection
EndGlobal
